
Microsoft Visual Studio Solution File, Format Version 12.00
# Visual Studio Version 17
VisualStudioVersion = 17.8.34511.84
MinimumVisualStudioVersion = 10.0.40219.1
Project("{8BC9CEB8-8B4A-11D0-8D11-00A0C91BC942}") = "Soarks", "Soarks\Soarks.vcxproj", "{AA0EC89D-82B1-4811-B2D3-F4308A65293F}"
EndProject
Global
	GlobalSection(SolutionConfigurationPlatforms) = preSolution
		Debug|x64 = Debug|x64
		Debug|x86 = Debug|x86
		Release|x64 = Release|x64
		Release|x86 = Release|x86
	EndGlobalSection
	GlobalSection(ProjectConfigurationPlatforms) = postSolution
		{AA0EC89D-82B1-4811-B2D3-F4308A65293F}.Debug|x64.ActiveCfg = Debug|x64
		{AA0EC89D-82B1-4811-B2D3-F4308A65293F}.Debug|x64.Build.0 = Debug|x64
		{AA0EC89D-82B1-4811-B2D3-F4308A65293F}.Debug|x86.ActiveCfg = Debug|Win32
		{AA0EC89D-82B1-4811-B2D3-F4308A65293F}.Debug|x86.Build.0 = Debug|Win32
		{AA0EC89D-82B1-4811-B2D3-F4308A65293F}.Release|x64.ActiveCfg = Release|x64
		{AA0EC89D-82B1-4811-B2D3-F4308A65293F}.Release|x64.Build.0 = Release|x64
		{AA0EC89D-82B1-4811-B2D3-F4308A65293F}.Release|x86.ActiveCfg = Release|Win32
		{AA0EC89D-82B1-4811-B2D3-F4308A65293F}.Release|x86.Build.0 = Release|Win32
	EndGlobalSection
	GlobalSection(SolutionProperties) = preSolution
		HideSolutionNode = FALSE
	EndGlobalSection
	GlobalSection(ExtensibilityGlobals) = postSolution
		SolutionGuid = {1958F495-DFA6-4C37-8506-017E480EEBCD}
	EndGlobalSection
EndGlobal
